PODS:
  - Flutter (1.0.0)
  - learningflutterplugin (0.0.1):
    - Flutter
    - RangeSeekSlider
  - RangeSeekSlider (1.8.0)

DEPENDENCIES:
  - Flutter (from `Flutter`)
  - learningflutterplugin (from `.symlinks/plugins/learningflutterplugin/ios`)

SPEC REPOS:
  trunk:
    - RangeSeekSlider

EXTERNAL SOURCES:
  Flutter:
    :path: Flutter
  learningflutterplugin:
    :path: ".symlinks/plugins/learningflutterplugin/ios"

SPEC CHECKSUMS:
  Flutter: 0e3d915762c693b495b44d77113d4970485de6ec
  learningflutterplugin: 8bac08d40f7871298dbe9ab456ac73d4b3b3d0ff
  RangeSeekSlider: 650b11fa1edcb92e1e0ede797669d98622570fb5

PODFILE CHECKSUM: 1b66dae606f75376c5f2135a8290850eeb09ae83

COCOAPODS: 1.8.4
